
Microsoft Visual Studio Solution File, Format Version 12.00
Project("{FAE04EC0-301F-11D3-BF4B-00C04F79EFBC}") = "DesktopWallpaper", "DesktopWallpaper.csproj", "{600615BE-B528-4D39-AD5F-94443ED3105F}"
EndProject
Global
	GlobalSection(SolutionConfigurationPlatforms) = preSolution
		Debug|Any CPU = Debug|Any CPU
		Release|Any CPU = Release|Any CPU
	EndGlobalSection
	GlobalSection(ProjectConfigurationPlatforms) = postSolution
		{600615BE-B528-4D39-AD5F-94443ED3105F}.Debug|Any CPU.ActiveCfg = Debug|Any CPU
		{600615BE-B528-4D39-AD5F-94443ED3105F}.Debug|Any CPU.Build.0 = Debug|Any CPU
		{600615BE-B528-4D39-AD5F-94443ED3105F}.Release|Any CPU.ActiveCfg = Release|Any CPU
		{600615BE-B528-4D39-AD5F-94443ED3105F}.Release|Any CPU.Build.0 = Release|Any CPU
	EndGlobalSection
EndGlobal
